
Microsoft Visual Studio Solution File, Format Version 12.00
# Visual Studio Version 16
VisualStudioVersion = 16.0.31624.102
MinimumVisualStudioVersion = 10.0.40219.1
Project("{9A19103F-16F7-4668-BE54-9A1E7A4F7556}") = "LEGACY", "LEGACY.csproj", "{9291A05F-CC26-4B45-B92E-1CDB908E57E7}"
EndProject
Global
	GlobalSection(SolutionConfigurationPlatforms) = preSolution
		Debug|x64 = Debug|x64
		Release|x64 = Release|x64
	EndGlobalSection
	GlobalSection(ProjectConfigurationPlatforms) = postSolution
		{9291A05F-CC26-4B45-B92E-1CDB908E57E7}.Debug|x64.ActiveCfg = Debug|x64
		{9291A05F-CC26-4B45-B92E-1CDB908E57E7}.Debug|x64.Build.0 = Debug|x64
		{9291A05F-CC26-4B45-B92E-1CDB908E57E7}.Release|x64.ActiveCfg = Release|x64
		{9291A05F-CC26-4B45-B92E-1CDB908E57E7}.Release|x64.Build.0 = Release|x64
	EndGlobalSection
	GlobalSection(SolutionProperties) = preSolution
		HideSolutionNode = FALSE
	EndGlobalSection
	GlobalSection(ExtensibilityGlobals) = postSolution
		SolutionGuid = {C1205503-CAAA-4755-82DA-2CD7AD93B603}
	EndGlobalSection
EndGlobal
